
Microsoft Visual Studio Solution File, Format Version 12.00
# Visual Studio Version 17
VisualStudioVersion = 17.1.32328.378
MinimumVisualStudioVersion = 10.0.40219.1
Project("{FAE04EC0-301F-11D3-BF4B-00C04F79EFBC}") = "ProjectDAO", "ProjectDAO\ProjectDAO.csproj", "{8CB34B57-D0F2-4790-8736-EB7318545343}"
EndProject
Project("{FAE04EC0-301F-11D3-BF4B-00C04F79EFBC}") = "ProjectApi", "ProjectApi\ProjectApi.csproj", "{4CC358BA-FFC8-4318-AE6D-45D70640DB45}"
EndProject
Project("{FAE04EC0-301F-11D3-BF4B-00C04F79EFBC}") = "ProjectMVC", "ProjectMVC\ProjectMVC.csproj", "{75035B10-18F7-4EF8-996F-C78C7D59A8B6}"
EndProject
Global
	GlobalSection(SolutionConfigurationPlatforms) = preSolution
		Debug|Any CPU = Debug|Any CPU
		Release|Any CPU = Release|Any CPU
	EndGlobalSection
	GlobalSection(ProjectConfigurationPlatforms) = postSolution
		{8CB34B57-D0F2-4790-8736-EB7318545343}.Debug|Any CPU.ActiveCfg = Debug|Any CPU
		{8CB34B57-D0F2-4790-8736-EB7318545343}.Debug|Any CPU.Build.0 = Debug|Any CPU
		{8CB34B57-D0F2-4790-8736-EB7318545343}.Release|Any CPU.ActiveCfg = Release|Any CPU
		{8CB34B57-D0F2-4790-8736-EB7318545343}.Release|Any CPU.Build.0 = Release|Any CPU
		{4CC358BA-FFC8-4318-AE6D-45D70640DB45}.Debug|Any CPU.ActiveCfg = Debug|Any CPU
		{4CC358BA-FFC8-4318-AE6D-45D70640DB45}.Debug|Any CPU.Build.0 = Debug|Any CPU
		{4CC358BA-FFC8-4318-AE6D-45D70640DB45}.Release|Any CPU.ActiveCfg = Release|Any CPU
		{4CC358BA-FFC8-4318-AE6D-45D70640DB45}.Release|Any CPU.Build.0 = Release|Any CPU
		{75035B10-18F7-4EF8-996F-C78C7D59A8B6}.Debug|Any CPU.ActiveCfg = Debug|Any CPU
		{75035B10-18F7-4EF8-996F-C78C7D59A8B6}.Debug|Any CPU.Build.0 = Debug|Any CPU
		{75035B10-18F7-4EF8-996F-C78C7D59A8B6}.Release|Any CPU.ActiveCfg = Release|Any CPU
		{75035B10-18F7-4EF8-996F-C78C7D59A8B6}.Release|Any CPU.Build.0 = Release|Any CPU
	EndGlobalSection
	GlobalSection(SolutionProperties) = preSolution
		HideSolutionNode = FALSE
	EndGlobalSection
	GlobalSection(ExtensibilityGlobals) = postSolution
		SolutionGuid = {15876AE2-0B50-4DDF-991F-9ED680BA99CF}
	EndGlobalSection
EndGlobal
